// !$*UTF8*$!
{
	archiveVersion = 1;
	classes = {
	};
	objectVersion = 46;
	objects = {

/* Begin PBXBuildFile section */
		CD2EA95919C3BE6300DBAAAC /* main.m in Sources */ = {isa = PBXBuildFile; fileRef = CD2EA95819C3BE6300DBAAAC /* main.m */; };
		CD2EA95C19C3BE6300DBAAAC /* AppDelegate.m in Sources */ = {isa = PBXBuildFile; fileRef = CD2EA95B19C3BE6300DBAAAC /* AppDelegate.m */; };
		CD2EA95F19C3BE6300DBAAAC /* ViewController.m in Sources */ = {isa = PBXBuildFile; fileRef = CD2EA95E19C3BE6300DBAAAC /* ViewController.m */; };
		CD2EA96219C3BE6300DBAAAC /* Main.storyboard in Resources */ = {isa = PBXBuildFile; fileRef = CD2EA96019C3BE6300DBAAAC /* Main.storyboard */; };
		CD2EA96419C3BE6300DBAAAC /* Images.xcassets in Resources */ = {isa = PBXBuildFile; fileRef = CD2EA96319C3BE6300DBAAAC /* Images.xcassets */; };
		CD2EA96719C3BE6300DBAAAC /* LaunchScreen.xib in Resources */ = {isa = PBXBuildFile; fileRef = CD2EA96519C3BE6300DBAAAC /* LaunchScreen.xib */; };
		CD2EA97319C3BE6300DBAAAC /* UTARadioTests.m in Sources */ = {isa = PBXBuildFile; fileRef = CD2EA97219C3BE6300DBAAAC /* UTARadioTests.m */; };
/* End PBXBuildFile section */

/* Begin PBXContainerItemProxy section */
		CD2EA96D19C3BE6300DBAAAC /* PBXContainerItemProxy */ = {
			isa = PBXContainerItemProxy;
			containerPortal = CD2EA94B19C3BE6200DBAAAC /* Project object */;
			proxyType = 1;
			remoteGlobalIDString = CD2EA95219C3BE6300DBAAAC;
			remoteInfo = UTARadio;
		};
/* End PBXContainerItemProxy section */

/* Begin PBXFileReference section */
		CD2EA95319C3BE6300DBAAAC /* UTARadio.app */ = {isa = PBXFileReference; explicitFileType = wrapper.application; includeInIndex = 0; path = UTARadio.app; sourceTree = BUILT_PRODUCTS_DIR; };
		CD2EA95719C3BE6300DBAAAC /* Info.plist */ = {isa = PBXFileReference; lastKnownFileType = text.plist.xml; path = Info.plist; sourceTree = "<group>"; };
		CD2EA95819C3BE6300DBAAAC /* main.m */ = {isa = PBXFileReference; lastKnownFileType = sourcecode.c.objc; path = main.m; sourceTree = "<group>"; };
		CD2EA95A19C3BE6300DBAAAC /* AppDelegate.h */ = {isa = PBXFileReference; lastKnownFileType = sourcecode.c.h; path = AppDelegate.h; sourceTree = "<group>"; };
		CD2EA95B19C3BE6300DBAAAC /* AppDelegate.m */ = {isa = PBXFileReference; lastKnownFileType = sourcecode.c.objc; path = AppDelegate.m; sourceTree = "<group>"; };
		CD2EA95D19C3BE6300DBAAAC /* ViewController.h */ = {isa = PBXFileReference; lastKnownFileType = sourcecode.c.h; path = ViewController.h; sourceTree = "<group>"; };
		CD2EA95E19C3BE6300DBAAAC /* ViewController.m */ = {isa = PBXFileReference; lastKnownFileType = sourcecode.c.objc; path = ViewController.m; sourceTree = "<group>"; };
		CD2EA96119C3BE6300DBAAAC /* Base */ = {isa = PBXFileReference; lastKnownFileType = file.storyboard; name = Base; path = Base.lproj/Main.storyboard; sourceTree = "<group>"; };
		CD2EA96319C3BE6300DBAAAC /* Images.xcassets */ = {isa = PBXFileReference; lastKnownFileType = folder.assetcatalog; path = Images.xcassets; sourceTree = "<group>"; };
		CD2EA96619C3BE6300DBAAAC /* Base */ = {isa = PBXFileReference; lastKnownFileType = file.xib; name = Base; path = Base.lproj/LaunchScreen.xib; sourceTree = "<group>"; };
		CD2EA96C19C3BE6300DBAAAC /* UTARadioTests.xctest */ = {isa = PBXFileReference; explicitFileType = wrapper.cfbundle; includeInIndex = 0; path = UTARadioTests.xctest; sourceTree = BUILT_PRODUCTS_DIR; };
		CD2EA97119C3BE6300DBAAAC /* Info.plist */ = {isa = PBXFileReference; lastKnownFileType = text.plist.xml; path = Info.plist; sourceTree = "<group>"; };
		CD2EA97219C3BE6300DBAAAC /* UTARadioTests.m */ = {isa = PBXFileReference; lastKnownFileType = sourcecode.c.objc; path = UTARadioTests.m; sourceTree = "<group>"; };
/* End PBXFileReference section */

/* Begin PBXFrameworksBuildPhase section */
		CD2EA95019C3BE6300DBAAAC /* Frameworks */ = {
			isa = PBXFrameworksBuildPhase;
			buildActionMask = 2147483647;
			files = (
			);
			runOnlyForDeploymentPostprocessing = 0;
		};
		CD2EA96919C3BE6300DBAAAC /* Frameworks */ = {
			isa = PBXFrameworksBuildPhase;
			buildActionMask = 2147483647;
			files = (
			);
			runOnlyForDeploymentPostprocessing = 0;
		};
/* End PBXFrameworksBuildPhase section */

/* Begin PBXGroup section */
		CD2EA94A19C3BE6200DBAAAC = {
			isa = PBXGroup;
			children = (
				CD2EA95519C3BE6300DBAAAC /* UTARadio */,
				CD2EA96F19C3BE6300DBAAAC /* UTARadioTests */,
				CD2EA95419C3BE6300DBAAAC /* Products */,
			);
			sourceTree = "<group>";
		};
		CD2EA95419C3BE6300DBAAAC /* Products */ = {
			isa = PBXGroup;
			children = (
				CD2EA95319C3BE6300DBAAAC /* UTARadio.app */,
				CD2EA96C19C3BE6300DBAAAC /* UTARadioTests.xctest */,
			);
			name = Products;
			sourceTree = "<group>";
		};
		CD2EA95519C3BE6300DBAAAC /* UTARadio */ = {
			isa = PBXGroup;
			children = (
				CD2EA95A19C3BE6300DBAAAC /* AppDelegate.h */,
				CD2EA95B19C3BE6300DBAAAC /* AppDelegate.m */,
				CD2EA95D19C3BE6300DBAAAC /* ViewController.h */,
				CD2EA95E19C3BE6300DBAAAC /* ViewController.m */,
				CD2EA96019C3BE6300DBAAAC /* Main.storyboard */,
				CD2EA96319C3BE6300DBAAAC /* Images.xcassets */,
				CD2EA96519C3BE6300DBAAAC /* LaunchScreen.xib */,
				CD2EA95619C3BE6300DBAAAC /* Supporting Files */,
			);
			path = UTARadio;
			sourceTree = "<group>";
		};
		CD2EA95619C3BE6300DBAAAC /* Supporting Files */ = {
			isa = PBXGroup;
			children = (
				CD2EA95719C3BE6300DBAAAC /* Info.plist */,
				CD2EA95819C3BE6300DBAAAC /* main.m */,
			);
			name = "Supporting Files";
			sourceTree = "<group>";
		};
		CD2EA96F19C3BE6300DBAAAC /* UTARadioTests */ = {
			isa = PBXGroup;
			children = (
				CD2EA97219C3BE6300DBAAAC /* UTARadioTests.m */,
				CD2EA97019C3BE6300DBAAAC /* Supporting Files */,
			);
			path = UTARadioTests;
			sourceTree = "<group>";
		};
		CD2EA97019C3BE6300DBAAAC /* Supporting Files */ = {
			isa = PBXGroup;
			children = (
				CD2EA97119C3BE6300DBAAAC /* Info.plist */,
			);
			name = "Supporting Files";
			sourceTree = "<group>";
		};
/* End PBXGroup section */

/* Begin PBXNativeTarget section */
		CD2EA95219C3BE6300DBAAAC /* UTARadio */ = {
			isa = PBXNativeTarget;
			buildConfigurationList = CD2EA97619C3BE6300DBAAAC /* Build configuration list for PBXNativeTarget "UTARadio" */;
			buildPhases = (
				CD2EA94F19C3BE6300DBAAAC /* Sources */,
				CD2EA95019C3BE6300DBAAAC /* Frameworks */,
				CD2EA95119C3BE6300DBAAAC /* Resources */,
			);
			buildRules = (
			);
			dependencies = (
			);
			name = UTARadio;
			productName = UTARadio;
			productReference = CD2EA95319C3BE6300DBAAAC /* UTARadio.app */;
			productType = "com.apple.product-type.application";
		};
		CD2EA96B19C3BE6300DBAAAC /* UTARadioTests */ = {
			isa = PBXNativeTarget;
			buildConfigurationList = CD2EA97919C3BE6300DBAAAC /* Build configuration list for PBXNativeTarget "UTARadioTests" */;
			buildPhases = (
				CD2EA96819C3BE6300DBAAAC /* Sources */,
				CD2EA96919C3BE6300DBAAAC /* Frameworks */,
				CD2EA96A19C3BE6300DBAAAC /* Resources */,
			);
			buildRules = (
			);
			dependencies = (
				CD2EA96E19C3BE6300DBAAAC /* PBXTargetDependency */,
			);
			name = UTARadioTests;
			productName = UTARadioTests;
			productReference = CD2EA96C19C3BE6300DBAAAC /* UTARadioTests.xctest */;
			productType = "com.apple.product-type.bundle.unit-test";
		};
/* End PBXNativeTarget section */

/* Begin PBXProject section */
		CD2EA94B19C3BE6200DBAAAC /* Project object */ = {
			isa = PBXProject;
			attributes = {
				LastUpgradeCheck = 0600;
				ORGANIZATIONNAME = mobi;
				TargetAttributes = {
					CD2EA95219C3BE6300DBAAAC = {
						CreatedOnToolsVersion = 6.0;
					};
					CD2EA96B19C3BE6300DBAAAC = {
						CreatedOnToolsVersion = 6.0;
						TestTargetID = CD2EA95219C3BE6300DBAAAC;
					};
				};
			};
			buildConfigurationList = CD2EA94E19C3BE6200DBAAAC /* Build configuration list for PBXProject "UTARadio" */;
			compatibilityVersion = "Xcode 3.2";
			developmentRegion = English;
			hasScannedForEncodings = 0;
			knownRegions = (
				en,
				Base,
			);
			mainGroup = CD2EA94A19C3BE6200DBAAAC;
			productRefGroup = CD2EA95419C3BE6300DBAAAC /* Products */;
			projectDirPath = "";
			projectRoot = "";
			targets = (
				CD2EA95219C3BE6300DBAAAC /* UTARadio */,
				CD2EA96B19C3BE6300DBAAAC /* UTARadioTests */,
			);
		};
/* End PBXProject section */

/* Begin PBXResourcesBuildPhase section */
		CD2EA95119C3BE6300DBAAAC /* Resources */ = {
			isa = PBXResourcesBuildPhase;
			buildActionMask = 2147483647;
			files = (
				CD2EA96219C3BE6300DBAAAC /* Main.storyboard in Resources */,
				CD2EA96719C3BE6300DBAAAC /* LaunchScreen.xib in Resources */,
				CD2EA96419C3BE6300DBAAAC /* Images.xcassets in Resources */,
			);
			runOnlyForDeploymentPostprocessing = 0;
		};
		CD2EA96A19C3BE6300DBAAAC /* Resources */ = {
			isa = PBXResourcesBuildPhase;
			buildActionMask = 2147483647;
			files = (
			);
			runOnlyForDeploymentPostprocessing = 0;
		};
/* End PBXResourcesBuildPhase section */

/* Begin PBXSourcesBuildPhase section */
		CD2EA94F19C3BE6300DBAAAC /* Sources */ = {
			isa = PBXSourcesBuildPhase;
			buildActionMask = 2147483647;
			files = (
				CD2EA95F19C3BE6300DBAAAC /* ViewController.m in Sources */,
				CD2EA95C19C3BE6300DBAAAC /* AppDelegate.m in Sources */,
				CD2EA95919C3BE6300DBAAAC /* main.m in Sources */,
			);
			runOnlyForDeploymentPostprocessing = 0;
		};
		CD2EA96819C3BE6300DBAAAC /* Sources */ = {
			isa = PBXSourcesBuildPhase;
			buildActionMask = 2147483647;
			files = (
				CD2EA97319C3BE6300DBAAAC /* UTARadioTests.m in Sources */,
			);
			runOnlyForDeploymentPostprocessing = 0;
		};
/* End PBXSourcesBuildPhase section */

/* Begin PBXTargetDependency section */
		CD2EA96E19C3BE6300DBAAAC /* PBXTargetDependency */ = {
			isa = PBXTargetDependency;
			target = CD2EA95219C3BE6300DBAAAC /* UTARadio */;
			targetProxy = CD2EA96D19C3BE6300DBAAAC /* PBXContainerItemProxy */;
		};
/* End PBXTargetDependency section */

/* Begin PBXVariantGroup section */
		CD2EA96019C3BE6300DBAAAC /* Main.storyboard */ = {
			isa = PBXVariantGroup;
			children = (
				CD2EA96119C3BE6300DBAAAC /* Base */,
			);
			name = Main.storyboard;
			sourceTree = "<group>";
		};
		CD2EA96519C3BE6300DBAAAC /* LaunchScreen.xib */ = {
			isa = PBXVariantGroup;
			children = (
				CD2EA96619C3BE6300DBAAAC /* Base */,
			);
			name = LaunchScreen.xib;
			sourceTree = "<group>";
		};
/* End PBXVariantGroup section */

/* Begin XCBuildConfiguration section */
		CD2EA97419C3BE6300DBAAAC /* Debug */ = {
			isa = XCBuildConfiguration;
			buildSettings = {
				ALWAYS_SEARCH_USER_PATHS = NO;
				CLANG_CXX_LANGUAGE_STANDARD = "gnu++0x";
				CLANG_CXX_LIBRARY = "libc++";
				CLANG_ENABLE_MODULES = YES;
				CLANG_ENABLE_OBJC_ARC = YES;
				CLANG_WARN_BOOL_CONVERSION = YES;
				CLANG_WARN_CONSTANT_CONVERSION = YES;
				CLANG_WARN_DIRECT_OBJC_ISA_USAGE = YES_ERROR;
				CLANG_WARN_EMPTY_BODY = YES;
				CLANG_WARN_ENUM_CONVERSION = YES;
				CLANG_WARN_INT_CONVERSION = YES;
				CLANG_WARN_OBJC_ROOT_CLASS = YES_ERROR;
				CLANG_WARN_UNREACHABLE_CODE = YES;
				CLANG_WARN__DUPLICATE_METHOD_MATCH = YES;
				"CODE_SIGN_IDENTITY[sdk=iphoneos*]" = "iPhone Developer";
				COPY_PHASE_STRIP = NO;
				ENABLE_STRICT_OBJC_MSGSEND = YES;
				GCC_C_LANGUAGE_STANDARD = gnu99;
				GCC_DYNAMIC_NO_PIC = NO;
				GCC_OPTIMIZATION_LEVEL = 0;
				GCC_PREPROCESSOR_DEFINITIONS = (
					"DEBUG=1",
					"$(inherited)",
				);
				GCC_SYMBOLS_PRIVATE_EXTERN = NO;
				GCC_WARN_64_TO_32_BIT_CONVERSION = YES;
				GCC_WARN_ABOUT_RETURN_TYPE = YES_ERROR;
				GCC_WARN_UNDECLARED_SELECTOR = YES;
				GCC_WARN_UNINITIALIZED_AUTOS = YES_AGGRESSIVE;
				GCC_WARN_UNUSED_FUNCTION = YES;
				GCC_WARN_UNUSED_VARIABLE = YES;
				IPHONEOS_DEPLOYMENT_TARGET = 8.0;
				MTL_ENABLE_DEBUG_INFO = YES;
				ONLY_ACTIVE_ARCH = YES;
				SDKROOT = iphoneos;
			};
			name = Debug;
		};
		CD2EA97519C3BE6300DBAAAC /* Release */ = {
			isa = XCBuildConfiguration;
			buildSettings = {
				ALWAYS_SEARCH_USER_PATHS = NO;
				CLANG_CXX_LANGUAGE_STANDARD = "gnu++0x";
				CLANG_CXX_LIBRARY = "libc++";
				CLANG_ENABLE_MODULES = YES;
				CLANG_ENABLE_OBJC_ARC = YES;
				CLANG_WARN_BOOL_CONVERSION = YES;
				CLANG_WARN_CONSTANT_CONVERSION = YES;
				CLANG_WARN_DIRECT_OBJC_ISA_USAGE = YES_ERROR;
				CLANG_WARN_EMPTY_BODY = YES;
				CLANG_WARN_ENUM_CONVERSION = YES;
				CLANG_WARN_INT_CONVERSION = YES;
				CLANG_WARN_OBJC_ROOT_CLASS = YES_ERROR;
				CLANG_WARN_UNREACHABLE_CODE = YES;
				CLANG_WARN__DUPLICATE_METHOD_MATCH = YES;
				"CODE_SIGN_IDENTITY[sdk=iphoneos*]" = "iPhone Developer";
				COPY_PHASE_STRIP = YES;
				ENABLE_NS_ASSERTIONS = NO;
				ENABLE_STRICT_OBJC_MSGSEND = YES;
				GCC_C_LANGUAGE_STANDARD = gnu99;
				GCC_WARN_64_TO_32_BIT_CONVERSION = YES;
				GCC_WARN_ABOUT_RETURN_TYPE = YES_ERROR;
				GCC_WARN_UNDECLARED_SELECTOR = YES;
				GCC_WARN_UNINITIALIZED_AUTOS = YES_AGGRESSIVE;
				GCC_WARN_UNUSED_FUNCTION = YES;
				GCC_WARN_UNUSED_VARIABLE = YES;
				IPHONEOS_DEPLOYMENT_TARGET = 8.0;
				MTL_ENABLE_DEBUG_INFO = NO;
				SDKROOT = iphoneos;
				VALIDATE_PRODUCT = YES;
			};
			name = Release;
		};
		CD2EA97719C3BE6300DBAAAC /* Debug */ = {
			isa = XCBuildConfiguration;
			buildSettings = {
				ASSETCATALOG_COMPILER_APPICON_NAME = AppIcon;
				INFOPLIST_FILE = UTARadio/Info.plist;
				LD_RUNPATH_SEARCH_PATHS = "$(inherited) @executable_path/Frameworks";
				PRODUCT_NAME = "$(TARGET_NAME)";
			};
			name = Debug;
		};
		CD2EA97819C3BE6300DBAAAC /* Release */ = {
			isa = XCBuildConfiguration;
			buildSettings = {
				ASSETCATALOG_COMPILER_APPICON_NAME = AppIcon;
				INFOPLIST_FILE = UTARadio/Info.plist;
				LD_RUNPATH_SEARCH_PATHS = "$(inherited) @executable_path/Frameworks";
				PRODUCT_NAME = "$(TARGET_NAME)";
			};
			name = Release;
		};
		CD2EA97A19C3BE6300DBAAAC /* Debug */ = {
			isa = XCBuildConfiguration;
			buildSettings = {
				BUNDLE_LOADER = "$(TEST_HOST)";
				FRAMEWORK_SEARCH_PATHS = (
					"$(SDKROOT)/Developer/Library/Frameworks",
					"$(inherited)",
				);
				GCC_PREPROCESSOR_DEFINITIONS = (
					"DEBUG=1",
					"$(inherited)",
				);
				INFOPLIST_FILE = UTARadioTests/Info.plist;
				LD_RUNPATH_SEARCH_PATHS = "$(inherited) @executable_path/Frameworks @loader_path/Frameworks";
				PRODUCT_NAME = "$(TARGET_NAME)";
				TEST_HOST = "$(BUILT_PRODUCTS_DIR)/UTARadio.app/UTARadio";
			};
			name = Debug;
		};
		CD2EA97B19C3BE6300DBAAAC /* Release */ = {
			isa = XCBuildConfiguration;
			buildSettings = {
				BUNDLE_LOADER = "$(TEST_HOST)";
				FRAMEWORK_SEARCH_PATHS = (
					"$(SDKROOT)/Developer/Library/Frameworks",
					"$(inherited)",
				);
				INFOPLIST_FILE = UTARadioTests/Info.plist;
				LD_RUNPATH_SEARCH_PATHS = "$(inherited) @executable_path/Frameworks @loader_path/Frameworks";
				PRODUCT_NAME = "$(TARGET_NAME)";
				TEST_HOST = "$(BUILT_PRODUCTS_DIR)/UTARadio.app/UTARadio";
			};
			name = Release;
		};
/* End XCBuildConfiguration section */

/* Begin XCConfigurationList section */
		CD2EA94E19C3BE6200DBAAAC /* Build configuration list for PBXProject "UTARadio" */ = {
			isa = XCConfigurationList;
			buildConfigurations = (
				CD2EA97419C3BE6300DBAAAC /* Debug */,
				CD2EA97519C3BE6300DBAAAC /* Release */,
			);
			defaultConfigurationIsVisible = 0;
			defaultConfigurationName = Release;
		};
		CD2EA97619C3BE6300DBAAAC /* Build configuration list for PBXNativeTarget "UTARadio" */ = {
			isa = XCConfigurationList;
			buildConfigurations = (
				CD2EA97719C3BE6300DBAAAC /* Debug */,
				CD2EA97819C3BE6300DBAAAC /* Release */,
			);
			defaultConfigurationIsVisible = 0;
		};
		CD2EA97919C3BE6300DBAAAC /* Build configuration list for PBXNativeTarget "UTARadioTests" */ = {
			isa = XCConfigurationList;
			buildConfigurations = (
				CD2EA97A19C3BE6300DBAAAC /* Debug */,
				CD2EA97B19C3BE6300DBAAAC /* Release */,
			);
			defaultConfigurationIsVisible = 0;
		};
/* End XCConfigurationList section */
	};
	rootObject = CD2EA94B19C3BE6200DBAAAC /* Project object */;
}
